// !$*UTF8*$!
{
	archiveVersion = 1;
	classes = {
	};
	objectVersion = 50;
	objects = {

/* Begin PBXBuildFile section */
		2F82B5CC244A6AF900999FAE /* AppDelegate.swift in Sources */ = {isa = PBXBuildFile; fileRef = 2F82B5CB244A6AF900999FAE /* AppDelegate.swift */; };
		2F82B5CE244A6AF900999FAE /* SceneDelegate.swift in Sources */ = {isa = PBXBuildFile; fileRef = 2F82B5CD244A6AF900999FAE /* SceneDelegate.swift */; };
		2F82B5D0244A6AF900999FAE /* ContentView.swift in Sources */ = {isa = PBXBuildFile; fileRef = 2F82B5CF244A6AF900999FAE /* ContentView.swift */; };
		2F82B5D2244A6AFB00999FAE /* Assets.xcassets in Resources */ = {isa = PBXBuildFile; fileRef = 2F82B5D1244A6AFB00999FAE /* Assets.xcassets */; };
		2F82B5D5244A6AFB00999FAE /* Preview Assets.xcassets in Resources */ = {isa = PBXBuildFile; fileRef = 2F82B5D4244A6AFB00999FAE /* Preview Assets.xcassets */; };
		2F82B5D8244A6AFB00999FAE /* LaunchScreen.storyboard in Resources */ = {isa = PBXBuildFile; fileRef = 2F82B5D6244A6AFB00999FAE /* LaunchScreen.storyboard */; };
		2F82B5E3244A6AFB00999FAE /* HelloWorldTests.swift in Sources */ = {isa = PBXBuildFile; fileRef = 2F82B5E2244A6AFB00999FAE /* HelloWorldTests.swift */; };
		2F82B5EE244A6AFB00999FAE /* HelloWorldUITests.swift in Sources */ = {isa = PBXBuildFile; fileRef = 2F82B5ED244A6AFB00999FAE /* HelloWorldUITests.swift */; };
/* End PBXBuildFile section */

/* Begin PBXContainerItemProxy section */
		2F82B5DF244A6AFB00999FAE /* PBXContainerItemProxy */ = {
			isa = PBXContainerItemProxy;
			containerPortal = 2F82B5C0244A6AF900999FAE /* Project object */;
			proxyType = 1;
			remoteGlobalIDString = 2F82B5C7244A6AF900999FAE;
			remoteInfo = HelloWorld;
		};
		2F82B5EA244A6AFB00999FAE /* PBXContainerItemProxy */ = {
			isa = PBXContainerItemProxy;
			containerPortal = 2F82B5C0244A6AF900999FAE /* Project object */;
			proxyType = 1;
			remoteGlobalIDString = 2F82B5C7244A6AF900999FAE;
			remoteInfo = HelloWorld;
		};
/* End PBXContainerItemProxy section */

/* Begin PBXFileReference section */
		2F82B5C8244A6AF900999FAE /* HelloWorld.app */ = {isa = PBXFileReference; explicitFileType = wrapper.application; includeInIndex = 0; path = HelloWorld.app; sourceTree = BUILT_PRODUCTS_DIR; };
		2F82B5CB244A6AF900999FAE /* AppDelegate.swift */ = {isa = PBXFileReference; lastKnownFileType = sourcecode.swift; path = AppDelegate.swift; sourceTree = "<group>"; };
		2F82B5CD244A6AF900999FAE /* SceneDelegate.swift */ = {isa = PBXFileReference; lastKnownFileType = sourcecode.swift; path = SceneDelegate.swift; sourceTree = "<group>"; };
		2F82B5CF244A6AF900999FAE /* ContentView.swift */ = {isa = PBXFileReference; lastKnownFileType = sourcecode.swift; path = ContentView.swift; sourceTree = "<group>"; };
		2F82B5D1244A6AFB00999FAE /* Assets.xcassets */ = {isa = PBXFileReference; lastKnownFileType = folder.assetcatalog; path = Assets.xcassets; sourceTree = "<group>"; };
		2F82B5D4244A6AFB00999FAE /* Preview Assets.xcassets */ = {isa = PBXFileReference; lastKnownFileType = folder.assetcatalog; path = "Preview Assets.xcassets"; sourceTree = "<group>"; };
		2F82B5D7244A6AFB00999FAE /* Base */ = {isa = PBXFileReference; lastKnownFileType = file.storyboard; name = Base; path = Base.lproj/LaunchScreen.storyboard; sourceTree = "<group>"; };
		2F82B5D9244A6AFB00999FAE /* Info.plist */ = {isa = PBXFileReference; lastKnownFileType = text.plist.xml; path = Info.plist; sourceTree = "<group>"; };
		2F82B5DE244A6AFB00999FAE /* HelloWorldTests.xctest */ = {isa = PBXFileReference; explicitFileType = wrapper.cfbundle; includeInIndex = 0; path = HelloWorldTests.xctest; sourceTree = BUILT_PRODUCTS_DIR; };
		2F82B5E2244A6AFB00999FAE /* HelloWorldTests.swift */ = {isa = PBXFileReference; lastKnownFileType = sourcecode.swift; path = HelloWorldTests.swift; sourceTree = "<group>"; };
		2F82B5E4244A6AFB00999FAE /* Info.plist */ = {isa = PBXFileReference; lastKnownFileType = text.plist.xml; path = Info.plist; sourceTree = "<group>"; };
		2F82B5E9244A6AFB00999FAE /* HelloWorldUITests.xctest */ = {isa = PBXFileReference; explicitFileType = wrapper.cfbundle; includeInIndex = 0; path = HelloWorldUITests.xctest; sourceTree = BUILT_PRODUCTS_DIR; };
		2F82B5ED244A6AFB00999FAE /* HelloWorldUITests.swift */ = {isa = PBXFileReference; lastKnownFileType = sourcecode.swift; path = HelloWorldUITests.swift; sourceTree = "<group>"; };
		2F82B5EF244A6AFB00999FAE /* Info.plist */ = {isa = PBXFileReference; lastKnownFileType = text.plist.xml; path = Info.plist; sourceTree = "<group>"; };
/* End PBXFileReference section */

/* Begin PBXFrameworksBuildPhase section */
		2F82B5C5244A6AF900999FAE /* Frameworks */ = {
			isa = PBXFrameworksBuildPhase;
			buildActionMask = 2147483647;
			files = (
			);
			runOnlyForDeploymentPostprocessing = 0;
		};
		2F82B5DB244A6AFB00999FAE /* Frameworks */ = {
			isa = PBXFrameworksBuildPhase;
			buildActionMask = 2147483647;
			files = (
			);
			runOnlyForDeploymentPostprocessing = 0;
		};
		2F82B5E6244A6AFB00999FAE /* Frameworks */ = {
			isa = PBXFrameworksBuildPhase;
			buildActionMask = 2147483647;
			files = (
			);
			runOnlyForDeploymentPostprocessing = 0;
		};
/* End PBXFrameworksBuildPhase section */

/* Begin PBXGroup section */
		2F82B5BF244A6AF900999FAE = {
			isa = PBXGroup;
			children = (
				2F82B5CA244A6AF900999FAE /* HelloWorld */,
				2F82B5E1244A6AFB00999FAE /* HelloWorldTests */,
				2F82B5EC244A6AFB00999FAE /* HelloWorldUITests */,
				2F82B5C9244A6AF900999FAE /* Products */,
			);
			sourceTree = "<group>";
		};
		2F82B5C9244A6AF900999FAE /* Products */ = {
			isa = PBXGroup;
			children = (
				2F82B5C8244A6AF900999FAE /* HelloWorld.app */,
				2F82B5DE244A6AFB00999FAE /* HelloWorldTests.xctest */,
				2F82B5E9244A6AFB00999FAE /* HelloWorldUITests.xctest */,
			);
			name = Products;
			sourceTree = "<group>";
		};
		2F82B5CA244A6AF900999FAE /* HelloWorld */ = {
			isa = PBXGroup;
			children = (
				2F82B5CB244A6AF900999FAE /* AppDelegate.swift */,
				2F82B5CD244A6AF900999FAE /* SceneDelegate.swift */,
				2F82B5CF244A6AF900999FAE /* ContentView.swift */,
				2F82B5D1244A6AFB00999FAE /* Assets.xcassets */,
				2F82B5D6244A6AFB00999FAE /* LaunchScreen.storyboard */,
				2F82B5D9244A6AFB00999FAE /* Info.plist */,
				2F82B5D3244A6AFB00999FAE /* Preview Content */,
			);
			path = HelloWorld;
			sourceTree = "<group>";
		};
		2F82B5D3244A6AFB00999FAE /* Preview Content */ = {
			isa = PBXGroup;
			children = (
				2F82B5D4244A6AFB00999FAE /* Preview Assets.xcassets */,
			);
			path = "Preview Content";
			sourceTree = "<group>";
		};
		2F82B5E1244A6AFB00999FAE /* HelloWorldTests */ = {
			isa = PBXGroup;
			children = (
				2F82B5E2244A6AFB00999FAE /* HelloWorldTests.swift */,
				2F82B5E4244A6AFB00999FAE /* Info.plist */,
			);
			path = HelloWorldTests;
			sourceTree = "<group>";
		};
		2F82B5EC244A6AFB00999FAE /* HelloWorldUITests */ = {
			isa = PBXGroup;
			children = (
				2F82B5ED244A6AFB00999FAE /* HelloWorldUITests.swift */,
				2F82B5EF244A6AFB00999FAE /* Info.plist */,
			);
			path = HelloWorldUITests;
			sourceTree = "<group>";
		};
/* End PBXGroup section */

/* Begin PBXNativeTarget section */
		2F82B5C7244A6AF900999FAE /* HelloWorld */ = {
			isa = PBXNativeTarget;
			buildConfigurationList = 2F82B5F2244A6AFB00999FAE /* Build configuration list for PBXNativeTarget "HelloWorld" */;
			buildPhases = (
				2F82B5C4244A6AF900999FAE /* Sources */,
				2F82B5C5244A6AF900999FAE /* Frameworks */,
				2F82B5C6244A6AF900999FAE /* Resources */,
			);
			buildRules = (
			);
			dependencies = (
			);
			name = HelloWorld;
			productName = HelloWorld;
			productReference = 2F82B5C8244A6AF900999FAE /* HelloWorld.app */;
			productType = "com.apple.product-type.application";
		};
		2F82B5DD244A6AFB00999FAE /* HelloWorldTests */ = {
			isa = PBXNativeTarget;
			buildConfigurationList = 2F82B5F5244A6AFB00999FAE /* Build configuration list for PBXNativeTarget "HelloWorldTests" */;
			buildPhases = (
				2F82B5DA244A6AFB00999FAE /* Sources */,
				2F82B5DB244A6AFB00999FAE /* Frameworks */,
				2F82B5DC244A6AFB00999FAE /* Resources */,
			);
			buildRules = (
			);
			dependencies = (
				2F82B5E0244A6AFB00999FAE /* PBXTargetDependency */,
			);
			name = HelloWorldTests;
			productName = HelloWorldTests;
			productReference = 2F82B5DE244A6AFB00999FAE /* HelloWorldTests.xctest */;
			productType = "com.apple.product-type.bundle.unit-test";
		};
		2F82B5E8244A6AFB00999FAE /* HelloWorldUITests */ = {
			isa = PBXNativeTarget;
			buildConfigurationList = 2F82B5F8244A6AFB00999FAE /* Build configuration list for PBXNativeTarget "HelloWorldUITests" */;
			buildPhases = (
				2F82B5E5244A6AFB00999FAE /* Sources */,
				2F82B5E6244A6AFB00999FAE /* Frameworks */,
				2F82B5E7244A6AFB00999FAE /* Resources */,
			);
			buildRules = (
			);
			dependencies = (
				2F82B5EB244A6AFB00999FAE /* PBXTargetDependency */,
			);
			name = HelloWorldUITests;
			productName = HelloWorldUITests;
			productReference = 2F82B5E9244A6AFB00999FAE /* HelloWorldUITests.xctest */;
			productType = "com.apple.product-type.bundle.ui-testing";
		};
/* End PBXNativeTarget section */

/* Begin PBXProject section */
		2F82B5C0244A6AF900999FAE /* Project object */ = {
			isa = PBXProject;
			attributes = {
				LastSwiftUpdateCheck = 1130;
				LastUpgradeCheck = 1130;
				ORGANIZATIONNAME = "Arturo Sanchez";
				TargetAttributes = {
					2F82B5C7244A6AF900999FAE = {
						CreatedOnToolsVersion = 11.3.1;
					};
					2F82B5DD244A6AFB00999FAE = {
						CreatedOnToolsVersion = 11.3.1;
						TestTargetID = 2F82B5C7244A6AF900999FAE;
					};
					2F82B5E8244A6AFB00999FAE = {
						CreatedOnToolsVersion = 11.3.1;
						TestTargetID = 2F82B5C7244A6AF900999FAE;
					};
				};
			};
			buildConfigurationList = 2F82B5C3244A6AF900999FAE /* Build configuration list for PBXProject "HelloWorld" */;
			compatibilityVersion = "Xcode 9.3";
			developmentRegion = en;
			hasScannedForEncodings = 0;
			knownRegions = (
				en,
				Base,
			);
			mainGroup = 2F82B5BF244A6AF900999FAE;
			productRefGroup = 2F82B5C9244A6AF900999FAE /* Products */;
			projectDirPath = "";
			projectRoot = "";
			targets = (
				2F82B5C7244A6AF900999FAE /* HelloWorld */,
				2F82B5DD244A6AFB00999FAE /* HelloWorldTests */,
				2F82B5E8244A6AFB00999FAE /* HelloWorldUITests */,
			);
		};
/* End PBXProject section */

/* Begin PBXResourcesBuildPhase section */
		2F82B5C6244A6AF900999FAE /* Resources */ = {
			isa = PBXResourcesBuildPhase;
			buildActionMask = 2147483647;
			files = (
				2F82B5D8244A6AFB00999FAE /* LaunchScreen.storyboard in Resources */,
				2F82B5D5244A6AFB00999FAE /* Preview Assets.xcassets in Resources */,
				2F82B5D2244A6AFB00999FAE /* Assets.xcassets in Resources */,
			);
			runOnlyForDeploymentPostprocessing = 0;
		};
		2F82B5DC244A6AFB00999FAE /* Resources */ = {
			isa = PBXResourcesBuildPhase;
			buildActionMask = 2147483647;
			files = (
			);
			runOnlyForDeploymentPostprocessing = 0;
		};
		2F82B5E7244A6AFB00999FAE /* Resources */ = {
			isa = PBXResourcesBuildPhase;
			buildActionMask = 2147483647;
			files = (
			);
			runOnlyForDeploymentPostprocessing = 0;
		};
/* End PBXResourcesBuildPhase section */

/* Begin PBXSourcesBuildPhase section */
		2F82B5C4244A6AF900999FAE /* Sources */ = {
			isa = PBXSourcesBuildPhase;
			buildActionMask = 2147483647;
			files = (
				2F82B5CC244A6AF900999FAE /* AppDelegate.swift in Sources */,
				2F82B5CE244A6AF900999FAE /* SceneDelegate.swift in Sources */,
				2F82B5D0244A6AF900999FAE /* ContentView.swift in Sources */,
			);
			runOnlyForDeploymentPostprocessing = 0;
		};
		2F82B5DA244A6AFB00999FAE /* Sources */ = {
			isa = PBXSourcesBuildPhase;
			buildActionMask = 2147483647;
			files = (
				2F82B5E3244A6AFB00999FAE /* HelloWorldTests.swift in Sources */,
			);
			runOnlyForDeploymentPostprocessing = 0;
		};
		2F82B5E5244A6AFB00999FAE /* Sources */ = {
			isa = PBXSourcesBuildPhase;
			buildActionMask = 2147483647;
			files = (
				2F82B5EE244A6AFB00999FAE /* HelloWorldUITests.swift in Sources */,
			);
			runOnlyForDeploymentPostprocessing = 0;
		};
/* End PBXSourcesBuildPhase section */

/* Begin PBXTargetDependency section */
		2F82B5E0244A6AFB00999FAE /* PBXTargetDependency */ = {
			isa = PBXTargetDependency;
			target = 2F82B5C7244A6AF900999FAE /* HelloWorld */;
			targetProxy = 2F82B5DF244A6AFB00999FAE /* PBXContainerItemProxy */;
		};
		2F82B5EB244A6AFB00999FAE /* PBXTargetDependency */ = {
			isa = PBXTargetDependency;
			target = 2F82B5C7244A6AF900999FAE /* HelloWorld */;
			targetProxy = 2F82B5EA244A6AFB00999FAE /* PBXContainerItemProxy */;
		};
/* End PBXTargetDependency section */

/* Begin PBXVariantGroup section */
		2F82B5D6244A6AFB00999FAE /* LaunchScreen.storyboard */ = {
			isa = PBXVariantGroup;
			children = (
				2F82B5D7244A6AFB00999FAE /* Base */,
			);
			name = LaunchScreen.storyboard;
			sourceTree = "<group>";
		};
/* End PBXVariantGroup section */

/* Begin XCBuildConfiguration section */
		2F82B5F0244A6AFB00999FAE /* Debug */ = {
			isa = XCBuildConfiguration;
			buildSettings = {
				ALWAYS_SEARCH_USER_PATHS = NO;
				CLANG_ANALYZER_NONNULL = YES;
				CLANG_ANALYZER_NUMBER_OBJECT_CONVERSION = YES_AGGRESSIVE;
				CLANG_CXX_LANGUAGE_STANDARD = "gnu++14";
				CLANG_CXX_LIBRARY = "libc++";
				CLANG_ENABLE_MODULES = YES;
				CLANG_ENABLE_OBJC_ARC = YES;
				CLANG_ENABLE_OBJC_WEAK = YES;
				CLANG_WARN_BLOCK_CAPTURE_AUTORELEASING = YES;
				CLANG_WARN_BOOL_CONVERSION = YES;
				CLANG_WARN_COMMA = YES;
				CLANG_WARN_CONSTANT_CONVERSION = YES;
				CLANG_WARN_DEPRECATED_OBJC_IMPLEMENTATIONS = YES;
				CLANG_WARN_DIRECT_OBJC_ISA_USAGE = YES_ERROR;
				CLANG_WARN_DOCUMENTATION_COMMENTS = YES;
				CLANG_WARN_EMPTY_BODY = YES;
				CLANG_WARN_ENUM_CONVERSION = YES;
				CLANG_WARN_INFINITE_RECURSION = YES;
				CLANG_WARN_INT_CONVERSION = YES;
				CLANG_WARN_NON_LITERAL_NULL_CONVERSION = YES;
				CLANG_WARN_OBJC_IMPLICIT_RETAIN_SELF = YES;
				CLANG_WARN_OBJC_LITERAL_CONVERSION = YES;
				CLANG_WARN_OBJC_ROOT_CLASS = YES_ERROR;
				CLANG_WARN_RANGE_LOOP_ANALYSIS = YES;
				CLANG_WARN_STRICT_PROTOTYPES = YES;
				CLANG_WARN_SUSPICIOUS_MOVE = YES;
				CLANG_WARN_UNGUARDED_AVAILABILITY = YES_AGGRESSIVE;
				CLANG_WARN_UNREACHABLE_CODE = YES;
				CLANG_WARN__DUPLICATE_METHOD_MATCH = YES;
				COPY_PHASE_STRIP = NO;
				DEBUG_INFORMATION_FORMAT = dwarf;
				ENABLE_STRICT_OBJC_MSGSEND = YES;
				ENABLE_TESTABILITY = YES;
				GCC_C_LANGUAGE_STANDARD = gnu11;
				GCC_DYNAMIC_NO_PIC = NO;
				GCC_NO_COMMON_BLOCKS = YES;
				GCC_OPTIMIZATION_LEVEL = 0;
				GCC_PREPROCESSOR_DEFINITIONS = (
					"DEBUG=1",
					"$(inherited)",
				);
				GCC_WARN_64_TO_32_BIT_CONVERSION = YES;
				GCC_WARN_ABOUT_RETURN_TYPE = YES_ERROR;
				GCC_WARN_UNDECLARED_SELECTOR = YES;
				GCC_WARN_UNINITIALIZED_AUTOS = YES_AGGRESSIVE;
				GCC_WARN_UNUSED_FUNCTION = YES;
				GCC_WARN_UNUSED_VARIABLE = YES;
				IPHONEOS_DEPLOYMENT_TARGET = 13.2;
				MTL_ENABLE_DEBUG_INFO = INCLUDE_SOURCE;
				MTL_FAST_MATH = YES;
				ONLY_ACTIVE_ARCH = YES;
				SDKROOT = iphoneos;
				SWIFT_ACTIVE_COMPILATION_CONDITIONS = DEBUG;
				SWIFT_OPTIMIZATION_LEVEL = "-Onone";
			};
			name = Debug;
		};
		2F82B5F1244A6AFB00999FAE /* Release */ = {
			isa = XCBuildConfiguration;
			buildSettings = {
				ALWAYS_SEARCH_USER_PATHS = NO;
				CLANG_ANALYZER_NONNULL = YES;
				CLANG_ANALYZER_NUMBER_OBJECT_CONVERSION = YES_AGGRESSIVE;
				CLANG_CXX_LANGUAGE_STANDARD = "gnu++14";
				CLANG_CXX_LIBRARY = "libc++";
				CLANG_ENABLE_MODULES = YES;
				CLANG_ENABLE_OBJC_ARC = YES;
				CLANG_ENABLE_OBJC_WEAK = YES;
				CLANG_WARN_BLOCK_CAPTURE_AUTORELEASING = YES;
				CLANG_WARN_BOOL_CONVERSION = YES;
				CLANG_WARN_COMMA = YES;
				CLANG_WARN_CONSTANT_CONVERSION = YES;
				CLANG_WARN_DEPRECATED_OBJC_IMPLEMENTATIONS = YES;
				CLANG_WARN_DIRECT_OBJC_ISA_USAGE = YES_ERROR;
				CLANG_WARN_DOCUMENTATION_COMMENTS = YES;
				CLANG_WARN_EMPTY_BODY = YES;
				CLANG_WARN_ENUM_CONVERSION = YES;
				CLANG_WARN_INFINITE_RECURSION = YES;
				CLANG_WARN_INT_CONVERSION = YES;
				CLANG_WARN_NON_LITERAL_NULL_CONVERSION = YES;
				CLANG_WARN_OBJC_IMPLICIT_RETAIN_SELF = YES;
				CLANG_WARN_OBJC_LITERAL_CONVERSION = YES;
				CLANG_WARN_OBJC_ROOT_CLASS = YES_ERROR;
				CLANG_WARN_RANGE_LOOP_ANALYSIS = YES;
				CLANG_WARN_STRICT_PROTOTYPES = YES;
				CLANG_WARN_SUSPICIOUS_MOVE = YES;
				CLANG_WARN_UNGUARDED_AVAILABILITY = YES_AGGRESSIVE;
				CLANG_WARN_UNREACHABLE_CODE = YES;
				CLANG_WARN__DUPLICATE_METHOD_MATCH = YES;
				COPY_PHASE_STRIP = NO;
				DEBUG_INFORMATION_FORMAT = "dwarf-with-dsym";
				ENABLE_NS_ASSERTIONS = NO;
				ENABLE_STRICT_OBJC_MSGSEND = YES;
				GCC_C_LANGUAGE_STANDARD = gnu11;
				GCC_NO_COMMON_BLOCKS = YES;
				GCC_WARN_64_TO_32_BIT_CONVERSION = YES;
				GCC_WARN_ABOUT_RETURN_TYPE = YES_ERROR;
				GCC_WARN_UNDECLARED_SELECTOR = YES;
				GCC_WARN_UNINITIALIZED_AUTOS = YES_AGGRESSIVE;
				GCC_WARN_UNUSED_FUNCTION = YES;
				GCC_WARN_UNUSED_VARIABLE = YES;
				IPHONEOS_DEPLOYMENT_TARGET = 13.2;
				MTL_ENABLE_DEBUG_INFO = NO;
				MTL_FAST_MATH = YES;
				SDKROOT = iphoneos;
				SWIFT_COMPILATION_MODE = wholemodule;
				SWIFT_OPTIMIZATION_LEVEL = "-O";
				VALIDATE_PRODUCT = YES;
			};
			name = Release;
		};
		2F82B5F3244A6AFB00999FAE /* Debug */ = {
			isa = XCBuildConfiguration;
			buildSettings = {
				ASSETCATALOG_COMPILER_APPICON_NAME = AppIcon;
				CODE_SIGN_STYLE = Automatic;
				DEVELOPMENT_ASSET_PATHS = "\"HelloWorld/Preview Content\"";
				DEVELOPMENT_TEAM = XA8CB9G7BX;
				ENABLE_PREVIEWS = YES;
				INFOPLIST_FILE = HelloWorld/Info.plist;
				LD_RUNPATH_SEARCH_PATHS = (
					"$(inherited)",
					"@executable_path/Frameworks",
				);
				PRODUCT_BUNDLE_IDENTIFIER = com.ascstb.HelloWorld;
				PRODUCT_NAME = "$(TARGET_NAME)";
				SWIFT_VERSION = 5.0;
				TARGETED_DEVICE_FAMILY = "1,2";
			};
			name = Debug;
		};
		2F82B5F4244A6AFB00999FAE /* Release */ = {
			isa = XCBuildConfiguration;
			buildSettings = {
				ASSETCATALOG_COMPILER_APPICON_NAME = AppIcon;
				CODE_SIGN_STYLE = Automatic;
				DEVELOPMENT_ASSET_PATHS = "\"HelloWorld/Preview Content\"";
				DEVELOPMENT_TEAM = XA8CB9G7BX;
				ENABLE_PREVIEWS = YES;
				INFOPLIST_FILE = HelloWorld/Info.plist;
				LD_RUNPATH_SEARCH_PATHS = (
					"$(inherited)",
					"@executable_path/Frameworks",
				);
				PRODUCT_BUNDLE_IDENTIFIER = com.ascstb.HelloWorld;
				PRODUCT_NAME = "$(TARGET_NAME)";
				SWIFT_VERSION = 5.0;
				TARGETED_DEVICE_FAMILY = "1,2";
			};
			name = Release;
		};
		2F82B5F6244A6AFB00999FAE /* Debug */ = {
			isa = XCBuildConfiguration;
			buildSettings = {
				ALWAYS_EMBED_SWIFT_STANDARD_LIBRARIES = YES;
				BUNDLE_LOADER = "$(TEST_HOST)";
				CODE_SIGN_STYLE = Automatic;
				DEVELOPMENT_TEAM = XA8CB9G7BX;
				INFOPLIST_FILE = HelloWorldTests/Info.plist;
				IPHONEOS_DEPLOYMENT_TARGET = 13.2;
				LD_RUNPATH_SEARCH_PATHS = (
					"$(inherited)",
					"@executable_path/Frameworks",
					"@loader_path/Frameworks",
				);
				PRODUCT_BUNDLE_IDENTIFIER = com.ascstb.HelloWorldTests;
				PRODUCT_NAME = "$(TARGET_NAME)";
				SWIFT_VERSION = 5.0;
				TARGETED_DEVICE_FAMILY = "1,2";
				TEST_HOST = "$(BUILT_PRODUCTS_DIR)/HelloWorld.app/HelloWorld";
			};
			name = Debug;
		};
		2F82B5F7244A6AFB00999FAE /* Release */ = {
			isa = XCBuildConfiguration;
			buildSettings = {
				ALWAYS_EMBED_SWIFT_STANDARD_LIBRARIES = YES;
				BUNDLE_LOADER = "$(TEST_HOST)";
				CODE_SIGN_STYLE = Automatic;
				DEVELOPMENT_TEAM = XA8CB9G7BX;
				INFOPLIST_FILE = HelloWorldTests/Info.plist;
				IPHONEOS_DEPLOYMENT_TARGET = 13.2;
				LD_RUNPATH_SEARCH_PATHS = (
					"$(inherited)",
					"@executable_path/Frameworks",
					"@loader_path/Frameworks",
				);
				PRODUCT_BUNDLE_IDENTIFIER = com.ascstb.HelloWorldTests;
				PRODUCT_NAME = "$(TARGET_NAME)";
				SWIFT_VERSION = 5.0;
				TARGETED_DEVICE_FAMILY = "1,2";
				TEST_HOST = "$(BUILT_PRODUCTS_DIR)/HelloWorld.app/HelloWorld";
			};
			name = Release;
		};
		2F82B5F9244A6AFB00999FAE /* Debug */ = {
			isa = XCBuildConfiguration;
			buildSettings = {
				ALWAYS_EMBED_SWIFT_STANDARD_LIBRARIES = YES;
				CODE_SIGN_STYLE = Automatic;
				DEVELOPMENT_TEAM = XA8CB9G7BX;
				INFOPLIST_FILE = HelloWorldUITests/Info.plist;
				LD_RUNPATH_SEARCH_PATHS = (
					"$(inherited)",
					"@executable_path/Frameworks",
					"@loader_path/Frameworks",
				);
				PRODUCT_BUNDLE_IDENTIFIER = com.ascstb.HelloWorldUITests;
				PRODUCT_NAME = "$(TARGET_NAME)";
				SWIFT_VERSION = 5.0;
				TARGETED_DEVICE_FAMILY = "1,2";
				TEST_TARGET_NAME = HelloWorld;
			};
			name = Debug;
		};
		2F82B5FA244A6AFB00999FAE /* Release */ = {
			isa = XCBuildConfiguration;
			buildSettings = {
				ALWAYS_EMBED_SWIFT_STANDARD_LIBRARIES = YES;
				CODE_SIGN_STYLE = Automatic;
				DEVELOPMENT_TEAM = XA8CB9G7BX;
				INFOPLIST_FILE = HelloWorldUITests/Info.plist;
				LD_RUNPATH_SEARCH_PATHS = (
					"$(inherited)",
					"@executable_path/Frameworks",
					"@loader_path/Frameworks",
				);
				PRODUCT_BUNDLE_IDENTIFIER = com.ascstb.HelloWorldUITests;
				PRODUCT_NAME = "$(TARGET_NAME)";
				SWIFT_VERSION = 5.0;
				TARGETED_DEVICE_FAMILY = "1,2";
				TEST_TARGET_NAME = HelloWorld;
			};
			name = Release;
		};
/* End XCBuildConfiguration section */

/* Begin XCConfigurationList section */
		2F82B5C3244A6AF900999FAE /* Build configuration list for PBXProject "HelloWorld" */ = {
			isa = XCConfigurationList;
			buildConfigurations = (
				2F82B5F0244A6AFB00999FAE /* Debug */,
				2F82B5F1244A6AFB00999FAE /* Release */,
			);
			defaultConfigurationIsVisible = 0;
			defaultConfigurationName = Release;
		};
		2F82B5F2244A6AFB00999FAE /* Build configuration list for PBXNativeTarget "HelloWorld" */ = {
			isa = XCConfigurationList;
			buildConfigurations = (
				2F82B5F3244A6AFB00999FAE /* Debug */,
				2F82B5F4244A6AFB00999FAE /* Release */,
			);
			defaultConfigurationIsVisible = 0;
			defaultConfigurationName = Release;
		};
		2F82B5F5244A6AFB00999FAE /* Build configuration list for PBXNativeTarget "HelloWorldTests" */ = {
			isa = XCConfigurationList;
			buildConfigurations = (
				2F82B5F6244A6AFB00999FAE /* Debug */,
				2F82B5F7244A6AFB00999FAE /* Release */,
			);
			defaultConfigurationIsVisible = 0;
			defaultConfigurationName = Release;
		};
		2F82B5F8244A6AFB00999FAE /* Build configuration list for PBXNativeTarget "HelloWorldUITests" */ = {
			isa = XCConfigurationList;
			buildConfigurations = (
				2F82B5F9244A6AFB00999FAE /* Debug */,
				2F82B5FA244A6AFB00999FAE /* Release */,
			);
			defaultConfigurationIsVisible = 0;
			defaultConfigurationName = Release;
		};
/* End XCConfigurationList section */
	};
	rootObject = 2F82B5C0244A6AF900999FAE /* Project object */;
}
